// !$*UTF8*$!
{
	archiveVersion = 1;
	classes = {
	};
	objectVersion = 55;
	objects = {

/* Begin PBXBuildFile section */
		0226676F28C637D800A3F800 /* Lato-Black.ttf in Resources */ = {isa = PBXBuildFile; fileRef = 0226676C28C637D800A3F800 /* Lato-Black.ttf */; };
		0226677028C637D800A3F800 /* Lato-Regular.ttf in Resources */ = {isa = PBXBuildFile; fileRef = 0226676D28C637D800A3F800 /* Lato-Regular.ttf */; };
		0226677128C637D800A3F800 /* Lato-Bold.ttf in Resources */ = {isa = PBXBuildFile; fileRef = 0226676E28C637D800A3F800 /* Lato-Bold.ttf */; };
		0226677E28C89D5200A3F800 /* historicalRateAPIResponseExample.json in Resources */ = {isa = PBXBuildFile; fileRef = 0226677D28C89D5200A3F800 /* historicalRateAPIResponseExample.json */; };
		0226678028C89D9A00A3F800 /* midpointRateAPIResponseExample.json in Resources */ = {isa = PBXBuildFile; fileRef = 0226677F28C89D9A00A3F800 /* midpointRateAPIResponseExample.json */; };
		0226678228C8A53100A3F800 /* CurrencyData.swift in Sources */ = {isa = PBXBuildFile; fileRef = 0226678128C8A53100A3F800 /* CurrencyData.swift */; };
		0226678428C8AB2C00A3F800 /* CurrencyHTTPClient.swift in Sources */ = {isa = PBXBuildFile; fileRef = 0226678328C8AB2C00A3F800 /* CurrencyHTTPClient.swift */; };
		0226678628C8B78F00A3F800 /* Keys.plist in Resources */ = {isa = PBXBuildFile; fileRef = 0226678528C8B78F00A3F800 /* Keys.plist */; };
		0226678828C8B85A00A3F800 /* CurrencyModel.swift in Sources */ = {isa = PBXBuildFile; fileRef = 0226678728C8B85900A3F800 /* CurrencyModel.swift */; };
		0226678B28C8BD0100A3F800 /* MockCurrencyHTTPClient.swift in Sources */ = {isa = PBXBuildFile; fileRef = 0226678A28C8BD0100A3F800 /* MockCurrencyHTTPClient.swift */; };
		0226678F28C8BFB700A3F800 /* HTTPClientFactory.swift in Sources */ = {isa = PBXBuildFile; fileRef = 0226678E28C8BFB700A3F800 /* HTTPClientFactory.swift */; };
		0226679328CBAC5C00A3F800 /* MainViewController.swift in Sources */ = {isa = PBXBuildFile; fileRef = 0226679228CBAC5C00A3F800 /* MainViewController.swift */; };
		0226679528CBB31400A3F800 /* MainScreen.storyboard in Resources */ = {isa = PBXBuildFile; fileRef = 0226679428CBB31400A3F800 /* MainScreen.storyboard */; };
		0259294C28CCAD6A00F326BE /* CurrencyViewController.swift in Sources */ = {isa = PBXBuildFile; fileRef = 0259294B28CCAD6A00F326BE /* CurrencyViewController.swift */; };
		02D7CE8228C5E002000309AF /* AppDelegate.swift in Sources */ = {isa = PBXBuildFile; fileRef = 02D7CE8128C5E002000309AF /* AppDelegate.swift */; };
		02D7CE8428C5E002000309AF /* SceneDelegate.swift in Sources */ = {isa = PBXBuildFile; fileRef = 02D7CE8328C5E002000309AF /* SceneDelegate.swift */; };
		02D7CE8B28C5E003000309AF /* Assets.xcassets in Resources */ = {isa = PBXBuildFile; fileRef = 02D7CE8A28C5E003000309AF /* Assets.xcassets */; };
		02D7CE8E28C5E003000309AF /* LaunchScreen.storyboard in Resources */ = {isa = PBXBuildFile; fileRef = 02D7CE8C28C5E003000309AF /* LaunchScreen.storyboard */; };
		02F9AD1C28D4838400925E5A /* buySellRateAPIResponseExample.json in Resources */ = {isa = PBXBuildFile; fileRef = 02F9AD1B28D4838400925E5A /* buySellRateAPIResponseExample.json */; };
		02F9AD2028D49C6100925E5A /* BuySellRateModel.swift in Sources */ = {isa = PBXBuildFile; fileRef = 02F9AD1F28D49C6100925E5A /* BuySellRateModel.swift */; };
		02F9AD2328D4CA4800925E5A /* SwiftyJSON in Frameworks */ = {isa = PBXBuildFile; productRef = 02F9AD2228D4CA4800925E5A /* SwiftyJSON */; };
		02F9AD2528D4D73200925E5A /* CurrencyRate.swift in Sources */ = {isa = PBXBuildFile; fileRef = 02F9AD2428D4D73200925E5A /* CurrencyRate.swift */; };
		02F9AD2728D4E1B500925E5A /* CurrencySection.swift in Sources */ = {isa = PBXBuildFile; fileRef = 02F9AD2628D4E1B500925E5A /* CurrencySection.swift */; };
		02F9AD2928D503C500925E5A /* MidpointRateModel.swift in Sources */ = {isa = PBXBuildFile; fileRef = 02F9AD2828D503C400925E5A /* MidpointRateModel.swift */; };
		02F9AD2B28D791E200925E5A /* CurrencyConverter.swift in Sources */ = {isa = PBXBuildFile; fileRef = 02F9AD2A28D791E200925E5A /* CurrencyConverter.swift */; };
/* End PBXBuildFile section */

/* Begin PBXFileReference section */
		0226676C28C637D800A3F800 /* Lato-Black.ttf */ = {isa = PBXFileReference; lastKnownFileType = file; path = "Lato-Black.ttf"; sourceTree = "<group>"; };
		0226676D28C637D800A3F800 /* Lato-Regular.ttf */ = {isa = PBXFileReference; lastKnownFileType = file; path = "Lato-Regular.ttf"; sourceTree = "<group>"; };
		0226676E28C637D800A3F800 /* Lato-Bold.ttf */ = {isa = PBXFileReference; lastKnownFileType = file; path = "Lato-Bold.ttf"; sourceTree = "<group>"; };
		0226677D28C89D5200A3F800 /* historicalRateAPIResponseExample.json */ = {isa = PBXFileReference; lastKnownFileType = text.json; path = historicalRateAPIResponseExample.json; sourceTree = "<group>"; };
		0226677F28C89D9A00A3F800 /* midpointRateAPIResponseExample.json */ = {isa = PBXFileReference; lastKnownFileType = text.json; path = midpointRateAPIResponseExample.json; sourceTree = "<group>"; };
		0226678128C8A53100A3F800 /* CurrencyData.swift */ = {isa = PBXFileReference; lastKnownFileType = sourcecode.swift; path = CurrencyData.swift; sourceTree = "<group>"; };
		0226678328C8AB2C00A3F800 /* CurrencyHTTPClient.swift */ = {isa = PBXFileReference; lastKnownFileType = sourcecode.swift; path = CurrencyHTTPClient.swift; sourceTree = "<group>"; };
		0226678528C8B78F00A3F800 /* Keys.plist */ = {isa = PBXFileReference; lastKnownFileType = text.plist.xml; path = Keys.plist; sourceTree = "<group>"; };
		0226678728C8B85900A3F800 /* CurrencyModel.swift */ = {isa = PBXFileReference; lastKnownFileType = sourcecode.swift; path = CurrencyModel.swift; sourceTree = "<group>"; };
		0226678A28C8BD0100A3F800 /* MockCurrencyHTTPClient.swift */ = {isa = PBXFileReference; lastKnownFileType = sourcecode.swift; path = MockCurrencyHTTPClient.swift; sourceTree = "<group>"; };
		0226678E28C8BFB700A3F800 /* HTTPClientFactory.swift */ = {isa = PBXFileReference; lastKnownFileType = sourcecode.swift; path = HTTPClientFactory.swift; sourceTree = "<group>"; };
		0226679228CBAC5C00A3F800 /* MainViewController.swift */ = {isa = PBXFileReference; lastKnownFileType = sourcecode.swift; path = MainViewController.swift; sourceTree = "<group>"; };
		0226679428CBB31400A3F800 /* MainScreen.storyboard */ = {isa = PBXFileReference; lastKnownFileType = file.storyboard; path = MainScreen.storyboard; sourceTree = "<group>"; };
		0259294B28CCAD6A00F326BE /* CurrencyViewController.swift */ = {isa = PBXFileReference; lastKnownFileType = sourcecode.swift; path = CurrencyViewController.swift; sourceTree = "<group>"; };
		02D7CE7E28C5E002000309AF /* Currency Converter.app */ = {isa = PBXFileReference; explicitFileType = wrapper.application; includeInIndex = 0; path = "Currency Converter.app"; sourceTree = BUILT_PRODUCTS_DIR; };
		02D7CE8128C5E002000309AF /* AppDelegate.swift */ = {isa = PBXFileReference; lastKnownFileType = sourcecode.swift; path = AppDelegate.swift; sourceTree = "<group>"; };
		02D7CE8328C5E002000309AF /* SceneDelegate.swift */ = {isa = PBXFileReference; lastKnownFileType = sourcecode.swift; path = SceneDelegate.swift; sourceTree = "<group>"; };
		02D7CE8A28C5E003000309AF /* Assets.xcassets */ = {isa = PBXFileReference; lastKnownFileType = folder.assetcatalog; path = Assets.xcassets; sourceTree = "<group>"; };
		02D7CE8D28C5E003000309AF /* Base */ = {isa = PBXFileReference; lastKnownFileType = file.storyboard; name = Base; path = Base.lproj/LaunchScreen.storyboard; sourceTree = "<group>"; };
		02D7CE8F28C5E003000309AF /* Info.plist */ = {isa = PBXFileReference; lastKnownFileType = text.plist.xml; path = Info.plist; sourceTree = "<group>"; };
		02F9AD1B28D4838400925E5A /* buySellRateAPIResponseExample.json */ = {isa = PBXFileReference; lastKnownFileType = text.json; path = buySellRateAPIResponseExample.json; sourceTree = "<group>"; };
		02F9AD1F28D49C6100925E5A /* BuySellRateModel.swift */ = {isa = PBXFileReference; lastKnownFileType = sourcecode.swift; path = BuySellRateModel.swift; sourceTree = "<group>"; };
		02F9AD2428D4D73200925E5A /* CurrencyRate.swift */ = {isa = PBXFileReference; lastKnownFileType = sourcecode.swift; path = CurrencyRate.swift; sourceTree = "<group>"; };
		02F9AD2628D4E1B500925E5A /* CurrencySection.swift */ = {isa = PBXFileReference; lastKnownFileType = sourcecode.swift; path = CurrencySection.swift; sourceTree = "<group>"; };
		02F9AD2828D503C400925E5A /* MidpointRateModel.swift */ = {isa = PBXFileReference; lastKnownFileType = sourcecode.swift; path = MidpointRateModel.swift; sourceTree = "<group>"; };
		02F9AD2A28D791E200925E5A /* CurrencyConverter.swift */ = {isa = PBXFileReference; lastKnownFileType = sourcecode.swift; path = CurrencyConverter.swift; sourceTree = "<group>"; };
/* End PBXFileReference section */

/* Begin PBXFrameworksBuildPhase section */
		02D7CE7B28C5E002000309AF /* Frameworks */ = {
			isa = PBXFrameworksBuildPhase;
			buildActionMask = 2147483647;
			files = (
				02F9AD2328D4CA4800925E5A /* SwiftyJSON in Frameworks */,
			);
			runOnlyForDeploymentPostprocessing = 0;
		};
/* End PBXFrameworksBuildPhase section */

/* Begin PBXGroup section */
		0226677228C637F600A3F800 /* Fonts */ = {
			isa = PBXGroup;
			children = (
				0226676C28C637D800A3F800 /* Lato-Black.ttf */,
				0226676E28C637D800A3F800 /* Lato-Bold.ttf */,
				0226676D28C637D800A3F800 /* Lato-Regular.ttf */,
			);
			path = Fonts;
			sourceTree = "<group>";
		};
		0226677928C89C9A00A3F800 /* Controllers */ = {
			isa = PBXGroup;
			children = (
				0226679228CBAC5C00A3F800 /* MainViewController.swift */,
				0259294B28CCAD6A00F326BE /* CurrencyViewController.swift */,
			);
			path = Controllers;
			sourceTree = "<group>";
		};
		0226677A28C89CBA00A3F800 /* Views */ = {
			isa = PBXGroup;
			children = (
				02D7CE8C28C5E003000309AF /* LaunchScreen.storyboard */,
				0226679428CBB31400A3F800 /* MainScreen.storyboard */,
			);
			path = Views;
			sourceTree = "<group>";
		};
		0226677B28C89CC800A3F800 /* Models */ = {
			isa = PBXGroup;
			children = (
				0226678328C8AB2C00A3F800 /* CurrencyHTTPClient.swift */,
				0226678728C8B85900A3F800 /* CurrencyModel.swift */,
				0226678128C8A53100A3F800 /* CurrencyData.swift */,
				02F9AD2828D503C400925E5A /* MidpointRateModel.swift */,
				02F9AD1F28D49C6100925E5A /* BuySellRateModel.swift */,
				02F9AD2428D4D73200925E5A /* CurrencyRate.swift */,
				02F9AD2628D4E1B500925E5A /* CurrencySection.swift */,
				02F9AD2A28D791E200925E5A /* CurrencyConverter.swift */,
			);
			path = Models;
			sourceTree = "<group>";
		};
		0226677C28C89CF200A3F800 /* Supporting Files */ = {
			isa = PBXGroup;
			children = (
				02D7CE8A28C5E003000309AF /* Assets.xcassets */,
				0226677228C637F600A3F800 /* Fonts */,
				0226677F28C89D9A00A3F800 /* midpointRateAPIResponseExample.json */,
				0226677D28C89D5200A3F800 /* historicalRateAPIResponseExample.json */,
				0226678528C8B78F00A3F800 /* Keys.plist */,
				02F9AD1B28D4838400925E5A /* buySellRateAPIResponseExample.json */,
			);
			path = "Supporting Files";
			sourceTree = "<group>";
		};
		0226678928C8BCB900A3F800 /* Mocks */ = {
			isa = PBXGroup;
			children = (
				0226678A28C8BD0100A3F800 /* MockCurrencyHTTPClient.swift */,
				0226678E28C8BFB700A3F800 /* HTTPClientFactory.swift */,
			);
			path = Mocks;
			sourceTree = "<group>";
		};
		02D7CE7528C5E002000309AF = {
			isa = PBXGroup;
			children = (
				02D7CE8028C5E002000309AF /* Currency Converter */,
				02D7CE7F28C5E002000309AF /* Products */,
			);
			sourceTree = "<group>";
		};
		02D7CE7F28C5E002000309AF /* Products */ = {
			isa = PBXGroup;
			children = (
				02D7CE7E28C5E002000309AF /* Currency Converter.app */,
			);
			name = Products;
			sourceTree = "<group>";
		};
		02D7CE8028C5E002000309AF /* Currency Converter */ = {
			isa = PBXGroup;
			children = (
				02D7CE8128C5E002000309AF /* AppDelegate.swift */,
				02D7CE8328C5E002000309AF /* SceneDelegate.swift */,
				0226677B28C89CC800A3F800 /* Models */,
				0226677A28C89CBA00A3F800 /* Views */,
				0226677928C89C9A00A3F800 /* Controllers */,
				0226677C28C89CF200A3F800 /* Supporting Files */,
				0226678928C8BCB900A3F800 /* Mocks */,
				02D7CE8F28C5E003000309AF /* Info.plist */,
			);
			path = "Currency Converter";
			sourceTree = "<group>";
		};
/* End PBXGroup section */

/* Begin PBXNativeTarget section */
		02D7CE7D28C5E002000309AF /* Currency Converter */ = {
			isa = PBXNativeTarget;
			buildConfigurationList = 02D7CE9228C5E003000309AF /* Build configuration list for PBXNativeTarget "Currency Converter" */;
			buildPhases = (
				02D7CE7A28C5E002000309AF /* Sources */,
				02D7CE7B28C5E002000309AF /* Frameworks */,
				02D7CE7C28C5E002000309AF /* Resources */,
			);
			buildRules = (
			);
			dependencies = (
			);
			name = "Currency Converter";
			packageProductDependencies = (
				02F9AD2228D4CA4800925E5A /* SwiftyJSON */,
			);
			productName = "Currency Converter";
			productReference = 02D7CE7E28C5E002000309AF /* Currency Converter.app */;
			productType = "com.apple.product-type.application";
		};
/* End PBXNativeTarget section */

/* Begin PBXProject section */
		02D7CE7628C5E002000309AF /* Project object */ = {
			isa = PBXProject;
			attributes = {
				BuildIndependentTargetsInParallel = 1;
				LastSwiftUpdateCheck = 1340;
				LastUpgradeCheck = 1340;
				TargetAttributes = {
					02D7CE7D28C5E002000309AF = {
						CreatedOnToolsVersion = 13.4.1;
					};
				};
			};
			buildConfigurationList = 02D7CE7928C5E002000309AF /* Build configuration list for PBXProject "Currency Converter" */;
			compatibilityVersion = "Xcode 13.0";
			developmentRegion = en;
			hasScannedForEncodings = 0;
			knownRegions = (
				en,
				Base,
			);
			mainGroup = 02D7CE7528C5E002000309AF;
			packageReferences = (
				02F9AD2128D4CA4800925E5A /* XCRemoteSwiftPackageReference "SwiftyJSON" */,
			);
			productRefGroup = 02D7CE7F28C5E002000309AF /* Products */;
			projectDirPath = "";
			projectRoot = "";
			targets = (
				02D7CE7D28C5E002000309AF /* Currency Converter */,
			);
		};
/* End PBXProject section */

/* Begin PBXResourcesBuildPhase section */
		02D7CE7C28C5E002000309AF /* Resources */ = {
			isa = PBXResourcesBuildPhase;
			buildActionMask = 2147483647;
			files = (
				0226676F28C637D800A3F800 /* Lato-Black.ttf in Resources */,
				0226679528CBB31400A3F800 /* MainScreen.storyboard in Resources */,
				0226677128C637D800A3F800 /* Lato-Bold.ttf in Resources */,
				02D7CE8E28C5E003000309AF /* LaunchScreen.storyboard in Resources */,
				0226677028C637D800A3F800 /* Lato-Regular.ttf in Resources */,
				0226677E28C89D5200A3F800 /* historicalRateAPIResponseExample.json in Resources */,
				0226678028C89D9A00A3F800 /* midpointRateAPIResponseExample.json in Resources */,
				02F9AD1C28D4838400925E5A /* buySellRateAPIResponseExample.json in Resources */,
				0226678628C8B78F00A3F800 /* Keys.plist in Resources */,
				02D7CE8B28C5E003000309AF /* Assets.xcassets in Resources */,
			);
			runOnlyForDeploymentPostprocessing = 0;
		};
/* End PBXResourcesBuildPhase section */

/* Begin PBXSourcesBuildPhase section */
		02D7CE7A28C5E002000309AF /* Sources */ = {
			isa = PBXSourcesBuildPhase;
			buildActionMask = 2147483647;
			files = (
				0226678828C8B85A00A3F800 /* CurrencyModel.swift in Sources */,
				02F9AD2B28D791E200925E5A /* CurrencyConverter.swift in Sources */,
				0259294C28CCAD6A00F326BE /* CurrencyViewController.swift in Sources */,
				02F9AD2728D4E1B500925E5A /* CurrencySection.swift in Sources */,
				02F9AD2028D49C6100925E5A /* BuySellRateModel.swift in Sources */,
				0226679328CBAC5C00A3F800 /* MainViewController.swift in Sources */,
				02F9AD2528D4D73200925E5A /* CurrencyRate.swift in Sources */,
				0226678428C8AB2C00A3F800 /* CurrencyHTTPClient.swift in Sources */,
				0226678B28C8BD0100A3F800 /* MockCurrencyHTTPClient.swift in Sources */,
				02D7CE8228C5E002000309AF /* AppDelegate.swift in Sources */,
				0226678F28C8BFB700A3F800 /* HTTPClientFactory.swift in Sources */,
				0226678228C8A53100A3F800 /* CurrencyData.swift in Sources */,
				02D7CE8428C5E002000309AF /* SceneDelegate.swift in Sources */,
				02F9AD2928D503C500925E5A /* MidpointRateModel.swift in Sources */,
			);
			runOnlyForDeploymentPostprocessing = 0;
		};
/* End PBXSourcesBuildPhase section */

/* Begin PBXVariantGroup section */
		02D7CE8C28C5E003000309AF /* LaunchScreen.storyboard */ = {
			isa = PBXVariantGroup;
			children = (
				02D7CE8D28C5E003000309AF /* Base */,
			);
			name = LaunchScreen.storyboard;
			sourceTree = "<group>";
		};
/* End PBXVariantGroup section */

/* Begin XCBuildConfiguration section */
		02D7CE9028C5E003000309AF /* Debug */ = {
			isa = XCBuildConfiguration;
			buildSettings = {
				ALWAYS_SEARCH_USER_PATHS = NO;
				CLANG_ANALYZER_NONNULL = YES;
				CLANG_ANALYZER_NUMBER_OBJECT_CONVERSION = YES_AGGRESSIVE;
				CLANG_CXX_LANGUAGE_STANDARD = "gnu++17";
				CLANG_ENABLE_MODULES = YES;
				CLANG_ENABLE_OBJC_ARC = YES;
				CLANG_ENABLE_OBJC_WEAK = YES;
				CLANG_WARN_BLOCK_CAPTURE_AUTORELEASING = YES;
				CLANG_WARN_BOOL_CONVERSION = YES;
				CLANG_WARN_COMMA = YES;
				CLANG_WARN_CONSTANT_CONVERSION = YES;
				CLANG_WARN_DEPRECATED_OBJC_IMPLEMENTATIONS = YES;
				CLANG_WARN_DIRECT_OBJC_ISA_USAGE = YES_ERROR;
				CLANG_WARN_DOCUMENTATION_COMMENTS = YES;
				CLANG_WARN_EMPTY_BODY = YES;
				CLANG_WARN_ENUM_CONVERSION = YES;
				CLANG_WARN_INFINITE_RECURSION = YES;
				CLANG_WARN_INT_CONVERSION = YES;
				CLANG_WARN_NON_LITERAL_NULL_CONVERSION = YES;
				CLANG_WARN_OBJC_IMPLICIT_RETAIN_SELF = YES;
				CLANG_WARN_OBJC_LITERAL_CONVERSION = YES;
				CLANG_WARN_OBJC_ROOT_CLASS = YES_ERROR;
				CLANG_WARN_QUOTED_INCLUDE_IN_FRAMEWORK_HEADER = YES;
				CLANG_WARN_RANGE_LOOP_ANALYSIS = YES;
				CLANG_WARN_STRICT_PROTOTYPES = YES;
				CLANG_WARN_SUSPICIOUS_MOVE = YES;
				CLANG_WARN_UNGUARDED_AVAILABILITY = YES_AGGRESSIVE;
				CLANG_WARN_UNREACHABLE_CODE = YES;
				CLANG_WARN__DUPLICATE_METHOD_MATCH = YES;
				COPY_PHASE_STRIP = NO;
				DEBUG_INFORMATION_FORMAT = dwarf;
				ENABLE_STRICT_OBJC_MSGSEND = YES;
				ENABLE_TESTABILITY = YES;
				GCC_C_LANGUAGE_STANDARD = gnu11;
				GCC_DYNAMIC_NO_PIC = NO;
				GCC_NO_COMMON_BLOCKS = YES;
				GCC_OPTIMIZATION_LEVEL = 0;
				GCC_PREPROCESSOR_DEFINITIONS = (
					"DEBUG=1",
					"$(inherited)",
				);
				GCC_WARN_64_TO_32_BIT_CONVERSION = YES;
				GCC_WARN_ABOUT_RETURN_TYPE = YES_ERROR;
				GCC_WARN_UNDECLARED_SELECTOR = YES;
				GCC_WARN_UNINITIALIZED_AUTOS = YES_AGGRESSIVE;
				GCC_WARN_UNUSED_FUNCTION = YES;
				GCC_WARN_UNUSED_VARIABLE = YES;
				IPHONEOS_DEPLOYMENT_TARGET = 15.5;
				MTL_ENABLE_DEBUG_INFO = INCLUDE_SOURCE;
				MTL_FAST_MATH = YES;
				ONLY_ACTIVE_ARCH = YES;
				SDKROOT = iphoneos;
				SWIFT_ACTIVE_COMPILATION_CONDITIONS = DEBUG;
				SWIFT_OPTIMIZATION_LEVEL = "-Onone";
			};
			name = Debug;
		};
		02D7CE9128C5E003000309AF /* Release */ = {
			isa = XCBuildConfiguration;
			buildSettings = {
				ALWAYS_SEARCH_USER_PATHS = NO;
				CLANG_ANALYZER_NONNULL = YES;
				CLANG_ANALYZER_NUMBER_OBJECT_CONVERSION = YES_AGGRESSIVE;
				CLANG_CXX_LANGUAGE_STANDARD = "gnu++17";
				CLANG_ENABLE_MODULES = YES;
				CLANG_ENABLE_OBJC_ARC = YES;
				CLANG_ENABLE_OBJC_WEAK = YES;
				CLANG_WARN_BLOCK_CAPTURE_AUTORELEASING = YES;
				CLANG_WARN_BOOL_CONVERSION = YES;
				CLANG_WARN_COMMA = YES;
				CLANG_WARN_CONSTANT_CONVERSION = YES;
				CLANG_WARN_DEPRECATED_OBJC_IMPLEMENTATIONS = YES;
				CLANG_WARN_DIRECT_OBJC_ISA_USAGE = YES_ERROR;
				CLANG_WARN_DOCUMENTATION_COMMENTS = YES;
				CLANG_WARN_EMPTY_BODY = YES;
				CLANG_WARN_ENUM_CONVERSION = YES;
				CLANG_WARN_INFINITE_RECURSION = YES;
				CLANG_WARN_INT_CONVERSION = YES;
				CLANG_WARN_NON_LITERAL_NULL_CONVERSION = YES;
				CLANG_WARN_OBJC_IMPLICIT_RETAIN_SELF = YES;
				CLANG_WARN_OBJC_LITERAL_CONVERSION = YES;
				CLANG_WARN_OBJC_ROOT_CLASS = YES_ERROR;
				CLANG_WARN_QUOTED_INCLUDE_IN_FRAMEWORK_HEADER = YES;
				CLANG_WARN_RANGE_LOOP_ANALYSIS = YES;
				CLANG_WARN_STRICT_PROTOTYPES = YES;
				CLANG_WARN_SUSPICIOUS_MOVE = YES;
				CLANG_WARN_UNGUARDED_AVAILABILITY = YES_AGGRESSIVE;
				CLANG_WARN_UNREACHABLE_CODE = YES;
				CLANG_WARN__DUPLICATE_METHOD_MATCH = YES;
				COPY_PHASE_STRIP = NO;
				DEBUG_INFORMATION_FORMAT = "dwarf-with-dsym";
				ENABLE_NS_ASSERTIONS = NO;
				ENABLE_STRICT_OBJC_MSGSEND = YES;
				GCC_C_LANGUAGE_STANDARD = gnu11;
				GCC_NO_COMMON_BLOCKS = YES;
				GCC_WARN_64_TO_32_BIT_CONVERSION = YES;
				GCC_WARN_ABOUT_RETURN_TYPE = YES_ERROR;
				GCC_WARN_UNDECLARED_SELECTOR = YES;
				GCC_WARN_UNINITIALIZED_AUTOS = YES_AGGRESSIVE;
				GCC_WARN_UNUSED_FUNCTION = YES;
				GCC_WARN_UNUSED_VARIABLE = YES;
				IPHONEOS_DEPLOYMENT_TARGET = 15.5;
				MTL_ENABLE_DEBUG_INFO = NO;
				MTL_FAST_MATH = YES;
				SDKROOT = iphoneos;
				SWIFT_COMPILATION_MODE = wholemodule;
				SWIFT_OPTIMIZATION_LEVEL = "-O";
				VALIDATE_PRODUCT = YES;
			};
			name = Release;
		};
		02D7CE9328C5E003000309AF /* Debug */ = {
			isa = XCBuildConfiguration;
			buildSettings = {
				ASSETCATALOG_COMPILER_APPICON_NAME = AppIcon;
				ASSETCATALOG_COMPILER_GLOBAL_ACCENT_COLOR_NAME = AccentColor;
				CODE_SIGN_STYLE = Automatic;
				CURRENT_PROJECT_VERSION = 1;
				DEVELOPMENT_TEAM = 82896UQ72B;
				GENERATE_INFOPLIST_FILE = YES;
				INFOPLIST_FILE = "Currency Converter/Info.plist";
				INFOPLIST_KEY_UIApplicationSupportsIndirectInputEvents = YES;
				INFOPLIST_KEY_UILaunchStoryboardName = LaunchScreen;
				INFOPLIST_KEY_UIMainStoryboardFile = MainScreen;
				INFOPLIST_KEY_UISupportedInterfaceOrientations_iPad = "UIInterfaceOrientationPortrait UIInterfaceOrientationPortraitUpsideDown UIInterfaceOrientationLandscapeLeft UIInterfaceOrientationLandscapeRight";
				INFOPLIST_KEY_UISupportedInterfaceOrientations_iPhone = "UIInterfaceOrientationPortrait UIInterfaceOrientationLandscapeLeft UIInterfaceOrientationLandscapeRight";
				LD_RUNPATH_SEARCH_PATHS = (
					"$(inherited)",
					"@executable_path/Frameworks",
				);
				MARKETING_VERSION = 1.0;
				PRODUCT_BUNDLE_IDENTIFIER = "com.dmytroivanchuk1998.Currency-Converter";
				PRODUCT_NAME = "$(TARGET_NAME)";
				SWIFT_EMIT_LOC_STRINGS = YES;
				SWIFT_VERSION = 5.0;
				TARGETED_DEVICE_FAMILY = "1,2";
			};
			name = Debug;
		};
		02D7CE9428C5E003000309AF /* Release */ = {
			isa = XCBuildConfiguration;
			buildSettings = {
				ASSETCATALOG_COMPILER_APPICON_NAME = AppIcon;
				ASSETCATALOG_COMPILER_GLOBAL_ACCENT_COLOR_NAME = AccentColor;
				CODE_SIGN_STYLE = Automatic;
				CURRENT_PROJECT_VERSION = 1;
				DEVELOPMENT_TEAM = 82896UQ72B;
				GENERATE_INFOPLIST_FILE = YES;
				INFOPLIST_FILE = "Currency Converter/Info.plist";
				INFOPLIST_KEY_UIApplicationSupportsIndirectInputEvents = YES;
				INFOPLIST_KEY_UILaunchStoryboardName = LaunchScreen;
				INFOPLIST_KEY_UIMainStoryboardFile = MainScreen;
				INFOPLIST_KEY_UISupportedInterfaceOrientations_iPad = "UIInterfaceOrientationPortrait UIInterfaceOrientationPortraitUpsideDown UIInterfaceOrientationLandscapeLeft UIInterfaceOrientationLandscapeRight";
				INFOPLIST_KEY_UISupportedInterfaceOrientations_iPhone = "UIInterfaceOrientationPortrait UIInterfaceOrientationLandscapeLeft UIInterfaceOrientationLandscapeRight";
				LD_RUNPATH_SEARCH_PATHS = (
					"$(inherited)",
					"@executable_path/Frameworks",
				);
				MARKETING_VERSION = 1.0;
				PRODUCT_BUNDLE_IDENTIFIER = "com.dmytroivanchuk1998.Currency-Converter";
				PRODUCT_NAME = "$(TARGET_NAME)";
				SWIFT_EMIT_LOC_STRINGS = YES;
				SWIFT_VERSION = 5.0;
				TARGETED_DEVICE_FAMILY = "1,2";
			};
			name = Release;
		};
/* End XCBuildConfiguration section */

/* Begin XCConfigurationList section */
		02D7CE7928C5E002000309AF /* Build configuration list for PBXProject "Currency Converter" */ = {
			isa = XCConfigurationList;
			buildConfigurations = (
				02D7CE9028C5E003000309AF /* Debug */,
				02D7CE9128C5E003000309AF /* Release */,
			);
			defaultConfigurationIsVisible = 0;
			defaultConfigurationName = Release;
		};
		02D7CE9228C5E003000309AF /* Build configuration list for PBXNativeTarget "Currency Converter" */ = {
			isa = XCConfigurationList;
			buildConfigurations = (
				02D7CE9328C5E003000309AF /* Debug */,
				02D7CE9428C5E003000309AF /* Release */,
			);
			defaultConfigurationIsVisible = 0;
			defaultConfigurationName = Release;
		};
/* End XCConfigurationList section */

/* Begin XCRemoteSwiftPackageReference section */
		02F9AD2128D4CA4800925E5A /* XCRemoteSwiftPackageReference "SwiftyJSON" */ = {
			isa = XCRemoteSwiftPackageReference;
			repositoryURL = "https://github.com/SwiftyJSON/SwiftyJSON.git";
			requirement = {
				kind = upToNextMajorVersion;
				minimumVersion = 5.0.0;
			};
		};
/* End XCRemoteSwiftPackageReference section */

/* Begin XCSwiftPackageProductDependency section */
		02F9AD2228D4CA4800925E5A /* SwiftyJSON */ = {
			isa = XCSwiftPackageProductDependency;
			package = 02F9AD2128D4CA4800925E5A /* XCRemoteSwiftPackageReference "SwiftyJSON" */;
			productName = SwiftyJSON;
		};
/* End XCSwiftPackageProductDependency section */
	};
	rootObject = 02D7CE7628C5E002000309AF /* Project object */;
}
